
Microsoft Visual Studio Solution File, Format Version 12.00
# Visual Studio 15
VisualStudioVersion = 15.0.28307.489
MinimumVisualStudioVersion = 10.0.40219.1
Project("{FAE04EC0-301F-11D3-BF4B-00C04F79EFBC}") = "NameThatTune", "NameThatTune.csproj", "{C04AF1D5-B4F7-487E-817F-6F85AA0FFC2E}"
EndProject
Global
	GlobalSection(SolutionConfigurationPlatforms) = preSolution
		Debug|Any CPU = Debug|Any CPU
		Release|Any CPU = Release|Any CPU
	EndGlobalSection
	GlobalSection(ProjectConfigurationPlatforms) = postSolution
		{C04AF1D5-B4F7-487E-817F-6F85AA0FFC2E}.Debug|Any CPU.ActiveCfg = Debug|Any CPU
		{C04AF1D5-B4F7-487E-817F-6F85AA0FFC2E}.Debug|Any CPU.Build.0 = Debug|Any CPU
		{C04AF1D5-B4F7-487E-817F-6F85AA0FFC2E}.Release|Any CPU.ActiveCfg = Release|Any CPU
		{C04AF1D5-B4F7-487E-817F-6F85AA0FFC2E}.Release|Any CPU.Build.0 = Release|Any CPU
	EndGlobalSection
	GlobalSection(SolutionProperties) = preSolution
		HideSolutionNode = FALSE
	EndGlobalSection
	GlobalSection(ExtensibilityGlobals) = postSolution
		SolutionGuid = {DAFF544B-4B2A-42B3-B005-E81E2CB57D84}
	EndGlobalSection
EndGlobal
